
Microsoft Visual Studio Solution File, Format Version 12.00
# Visual Studio Version 17
VisualStudioVersion = 17.5.33502.453
MinimumVisualStudioVersion = 10.0.40219.1
Project("{9A19103F-16F7-4668-BE54-9A1E7A4F7556}") = "ddd_test", "ddd_test\ddd_test.csproj", "{37AAF15A-A225-40A7-B85F-AFB5BF89D8F2}"
EndProject
Project("{9A19103F-16F7-4668-BE54-9A1E7A4F7556}") = "ddd_test.core", "ddd_test.core\ddd_test.core.csproj", "{4BD46242-BD75-4A4F-9249-04B49AE20C3A}"
EndProject
Project("{2150E333-8FDC-42A3-9474-1A3956D46DE8}") = "services", "services", "{3FDCDF86-9CA5-4102-B9D9-E2B2EAC246B6}"
EndProject
Project("{2150E333-8FDC-42A3-9474-1A3956D46DE8}") = "customer", "customer", "{82AC8FEB-6CD7-46E5-A513-E32D87F77D47}"
EndProject
Project("{FAE04EC0-301F-11D3-BF4B-00C04F79EFBC}") = "ddd_test.customer.domain", "ddd_test.customer.domain\ddd_test.customer.domain.csproj", "{C33CD557-0FA5-4337-B71D-0E43FD7F5D2F}"
EndProject
Global
	GlobalSection(SolutionConfigurationPlatforms) = preSolution
		Debug|Any CPU = Debug|Any CPU
		Release|Any CPU = Release|Any CPU
	EndGlobalSection
	GlobalSection(ProjectConfigurationPlatforms) = postSolution
		{37AAF15A-A225-40A7-B85F-AFB5BF89D8F2}.Debug|Any CPU.ActiveCfg = Debug|Any CPU
		{37AAF15A-A225-40A7-B85F-AFB5BF89D8F2}.Debug|Any CPU.Build.0 = Debug|Any CPU
		{37AAF15A-A225-40A7-B85F-AFB5BF89D8F2}.Release|Any CPU.ActiveCfg = Release|Any CPU
		{37AAF15A-A225-40A7-B85F-AFB5BF89D8F2}.Release|Any CPU.Build.0 = Release|Any CPU
		{4BD46242-BD75-4A4F-9249-04B49AE20C3A}.Debug|Any CPU.ActiveCfg = Debug|Any CPU
		{4BD46242-BD75-4A4F-9249-04B49AE20C3A}.Debug|Any CPU.Build.0 = Debug|Any CPU
		{4BD46242-BD75-4A4F-9249-04B49AE20C3A}.Release|Any CPU.ActiveCfg = Release|Any CPU
		{4BD46242-BD75-4A4F-9249-04B49AE20C3A}.Release|Any CPU.Build.0 = Release|Any CPU
		{C33CD557-0FA5-4337-B71D-0E43FD7F5D2F}.Debug|Any CPU.ActiveCfg = Debug|Any CPU
		{C33CD557-0FA5-4337-B71D-0E43FD7F5D2F}.Debug|Any CPU.Build.0 = Debug|Any CPU
		{C33CD557-0FA5-4337-B71D-0E43FD7F5D2F}.Release|Any CPU.ActiveCfg = Release|Any CPU
		{C33CD557-0FA5-4337-B71D-0E43FD7F5D2F}.Release|Any CPU.Build.0 = Release|Any CPU
	EndGlobalSection
	GlobalSection(SolutionProperties) = preSolution
		HideSolutionNode = FALSE
	EndGlobalSection
	GlobalSection(NestedProjects) = preSolution
		{82AC8FEB-6CD7-46E5-A513-E32D87F77D47} = {3FDCDF86-9CA5-4102-B9D9-E2B2EAC246B6}
		{C33CD557-0FA5-4337-B71D-0E43FD7F5D2F} = {82AC8FEB-6CD7-46E5-A513-E32D87F77D47}
	EndGlobalSection
	GlobalSection(ExtensibilityGlobals) = postSolution
		SolutionGuid = {5B6A28CB-4DF1-477B-819A-8CDF59291737}
	EndGlobalSection
EndGlobal
